
Microsoft Visual Studio Solution File, Format Version 12.00
# Visual Studio Version 16
VisualStudioVersion = 16.0.29728.190
MinimumVisualStudioVersion = 10.0.40219.1
Project("{FAE04EC0-301F-11D3-BF4B-00C04F79EFBC}") = "SistemaSoma", "SistemaSoma\SistemaSoma.csproj", "{4CE69A03-E8EC-4B4B-861B-A4C8906A8FAD}"
EndProject
Global
	GlobalSection(SolutionConfigurationPlatforms) = preSolution
		Debug|Any CPU = Debug|Any CPU
		Release|Any CPU = Release|Any CPU
	EndGlobalSection
	GlobalSection(ProjectConfigurationPlatforms) = postSolution
		{4CE69A03-E8EC-4B4B-861B-A4C8906A8FAD}.Debug|Any CPU.ActiveCfg = Debug|Any CPU
		{4CE69A03-E8EC-4B4B-861B-A4C8906A8FAD}.Debug|Any CPU.Build.0 = Debug|Any CPU
		{4CE69A03-E8EC-4B4B-861B-A4C8906A8FAD}.Release|Any CPU.ActiveCfg = Release|Any CPU
		{4CE69A03-E8EC-4B4B-861B-A4C8906A8FAD}.Release|Any CPU.Build.0 = Release|Any CPU
	EndGlobalSection
	GlobalSection(SolutionProperties) = preSolution
		HideSolutionNode = FALSE
	EndGlobalSection
	GlobalSection(ExtensibilityGlobals) = postSolution
		SolutionGuid = {8B0734AA-139C-4AFE-9C7D-4AAF60BD94B3}
	EndGlobalSection
EndGlobal
